
Microsoft Visual Studio Solution File, Format Version 12.00
# Visual Studio Version 16
VisualStudioVersion = 16.0.29613.14
MinimumVisualStudioVersion = 10.0.40219.1
Project("{FAE04EC0-301F-11D3-BF4B-00C04F79EFBC}") = "TestWidnowsService", "TestWidnowsService\TestWidnowsService.csproj", "{1A154C61-0A0A-4BD6-B05F-E3EA55F69634}"
EndProject
Global
	GlobalSection(SolutionConfigurationPlatforms) = preSolution
		Debug|Any CPU = Debug|Any CPU
		Release|Any CPU = Release|Any CPU
	EndGlobalSection
	GlobalSection(ProjectConfigurationPlatforms) = postSolution
		{1A154C61-0A0A-4BD6-B05F-E3EA55F69634}.Debug|Any CPU.ActiveCfg = Debug|Any CPU
		{1A154C61-0A0A-4BD6-B05F-E3EA55F69634}.Debug|Any CPU.Build.0 = Debug|Any CPU
		{1A154C61-0A0A-4BD6-B05F-E3EA55F69634}.Release|Any CPU.ActiveCfg = Release|Any CPU
		{1A154C61-0A0A-4BD6-B05F-E3EA55F69634}.Release|Any CPU.Build.0 = Release|Any CPU
	EndGlobalSection
	GlobalSection(SolutionProperties) = preSolution
		HideSolutionNode = FALSE
	EndGlobalSection
	GlobalSection(ExtensibilityGlobals) = postSolution
		SolutionGuid = {81E9A1E2-D687-4B11-9CFC-903C2C6E659E}
	EndGlobalSection
EndGlobal
